// !$*UTF8*$!
{
	archiveVersion = 1;
	classes = {
	};
	objectVersion = 55;
	objects = {

/* Begin PBXBuildFile section */
		2E0C3FC2280F25D700E42A62 /* BarGraphViewController.swift in Sources */ = {isa = PBXBuildFile; fileRef = 2E0C3FC1280F25D700E42A62 /* BarGraphViewController.swift */; };
		2E0C3FC4280F25F500E42A62 /* LineGraphViewController.swift in Sources */ = {isa = PBXBuildFile; fileRef = 2E0C3FC3280F25F500E42A62 /* LineGraphViewController.swift */; };
		2E0C3FC6280F260800E42A62 /* ThirdGraphViewController.swift in Sources */ = {isa = PBXBuildFile; fileRef = 2E0C3FC5280F260800E42A62 /* ThirdGraphViewController.swift */; };
		2EB6144B280E6D4F0033D858 /* Charts in Frameworks */ = {isa = PBXBuildFile; productRef = 2EB6144A280E6D4F0033D858 /* Charts */; };
		C54006F3281371BB0010C739 /* References.pdf in Resources */ = {isa = PBXBuildFile; fileRef = C54006F2281371BB0010C739 /* References.pdf */; };
		DD0B64C427D791F100E0FE9D /* FormValidationUtil.swift in Sources */ = {isa = PBXBuildFile; fileRef = DD0B64C327D791F100E0FE9D /* FormValidationUtil.swift */; };
		DD2B9693281038DE00158190 /* ChartMaker.swift in Sources */ = {isa = PBXBuildFile; fileRef = DD2B9692281038DE00158190 /* ChartMaker.swift */; };
		DD2DE12527DA9EAB00A22663 /* GoogleService-Info.plist in Resources */ = {isa = PBXBuildFile; fileRef = DD2DE12427DA9EAB00A22663 /* GoogleService-Info.plist */; };
		DD2DE12827DAA1A500A22663 /* FirebaseAnalytics in Frameworks */ = {isa = PBXBuildFile; productRef = DD2DE12727DAA1A500A22663 /* FirebaseAnalytics */; };
		DD2DE12A27DAA1A500A22663 /* FirebaseAuth in Frameworks */ = {isa = PBXBuildFile; productRef = DD2DE12927DAA1A500A22663 /* FirebaseAuth */; };
		DD2DE12C27DAA1A500A22663 /* FirebaseDatabase in Frameworks */ = {isa = PBXBuildFile; productRef = DD2DE12B27DAA1A500A22663 /* FirebaseDatabase */; };
		DD2DE12F27DBAAEA00A22663 /* FirebaseFirestore in Frameworks */ = {isa = PBXBuildFile; productRef = DD2DE12E27DBAAEA00A22663 /* FirebaseFirestore */; };
		DD355D26281393B800515149 /* UserGuide.pdf in Resources */ = {isa = PBXBuildFile; fileRef = DD355D25281393B800515149 /* UserGuide.pdf */; };
		DD3918CD27D18B7F008CD1D9 /* AppDelegate.swift in Sources */ = {isa = PBXBuildFile; fileRef = DD3918CC27D18B7F008CD1D9 /* AppDelegate.swift */; };
		DD3918CF27D18B7F008CD1D9 /* SceneDelegate.swift in Sources */ = {isa = PBXBuildFile; fileRef = DD3918CE27D18B7F008CD1D9 /* SceneDelegate.swift */; };
		DD3918D427D18B7F008CD1D9 /* Main.storyboard in Resources */ = {isa = PBXBuildFile; fileRef = DD3918D227D18B7F008CD1D9 /* Main.storyboard */; };
		DD3918D727D18B7F008CD1D9 /* Team_India.xcdatamodeld in Sources */ = {isa = PBXBuildFile; fileRef = DD3918D527D18B7F008CD1D9 /* Team_India.xcdatamodeld */; };
		DD3918D927D18B80008CD1D9 /* Assets.xcassets in Resources */ = {isa = PBXBuildFile; fileRef = DD3918D827D18B80008CD1D9 /* Assets.xcassets */; };
		DD3918DC27D18B80008CD1D9 /* LaunchScreen.storyboard in Resources */ = {isa = PBXBuildFile; fileRef = DD3918DA27D18B80008CD1D9 /* LaunchScreen.storyboard */; };
		DD3918E427D24EF4008CD1D9 /* LoginViewController.swift in Sources */ = {isa = PBXBuildFile; fileRef = DD3918E327D24EF4008CD1D9 /* LoginViewController.swift */; };
		DD3918E627D24F12008CD1D9 /* HomeViewController.swift in Sources */ = {isa = PBXBuildFile; fileRef = DD3918E527D24F12008CD1D9 /* HomeViewController.swift */; };
		DD3918EA27D24F2D008CD1D9 /* DetailViewController.swift in Sources */ = {isa = PBXBuildFile; fileRef = DD3918E927D24F2D008CD1D9 /* DetailViewController.swift */; };
		DD3918EC27D24F5C008CD1D9 /* RegistrationViewController.swift in Sources */ = {isa = PBXBuildFile; fileRef = DD3918EB27D24F5C008CD1D9 /* RegistrationViewController.swift */; };
		DD44745B27EE13AD0014F2EC /* PasswordTextField.swift in Sources */ = {isa = PBXBuildFile; fileRef = DD44745A27EE13AD0014F2EC /* PasswordTextField.swift */; };
/* End PBXBuildFile section */

/* Begin PBXFileReference section */
		2E0C3FC1280F25D700E42A62 /* BarGraphViewController.swift */ = {isa = PBXFileReference; lastKnownFileType = sourcecode.swift; path = BarGraphViewController.swift; sourceTree = "<group>"; };
		2E0C3FC3280F25F500E42A62 /* LineGraphViewController.swift */ = {isa = PBXFileReference; lastKnownFileType = sourcecode.swift; path = LineGraphViewController.swift; sourceTree = "<group>"; };
		2E0C3FC5280F260800E42A62 /* ThirdGraphViewController.swift */ = {isa = PBXFileReference; lastKnownFileType = sourcecode.swift; path = ThirdGraphViewController.swift; sourceTree = "<group>"; };
		C54006F2281371BB0010C739 /* References.pdf */ = {isa = PBXFileReference; lastKnownFileType = image.pdf; path = References.pdf; sourceTree = "<group>"; };
		DD0B64C327D791F100E0FE9D /* FormValidationUtil.swift */ = {isa = PBXFileReference; lastKnownFileType = sourcecode.swift; path = FormValidationUtil.swift; sourceTree = "<group>"; };
		DD2B9692281038DE00158190 /* ChartMaker.swift */ = {isa = PBXFileReference; lastKnownFileType = sourcecode.swift; path = ChartMaker.swift; sourceTree = "<group>"; };
		DD2DE12427DA9EAB00A22663 /* GoogleService-Info.plist */ = {isa = PBXFileReference; fileEncoding = 4; lastKnownFileType = text.plist.xml; path = "GoogleService-Info.plist"; sourceTree = "<group>"; };
		DD355D25281393B800515149 /* UserGuide.pdf */ = {isa = PBXFileReference; lastKnownFileType = image.pdf; path = UserGuide.pdf; sourceTree = "<group>"; };
		DD3918C927D18B7F008CD1D9 /* Team_India.app */ = {isa = PBXFileReference; explicitFileType = wrapper.application; includeInIndex = 0; path = Team_India.app; sourceTree = BUILT_PRODUCTS_DIR; };
		DD3918CC27D18B7F008CD1D9 /* AppDelegate.swift */ = {isa = PBXFileReference; lastKnownFileType = sourcecode.swift; path = AppDelegate.swift; sourceTree = "<group>"; };
		DD3918CE27D18B7F008CD1D9 /* SceneDelegate.swift */ = {isa = PBXFileReference; lastKnownFileType = sourcecode.swift; path = SceneDelegate.swift; sourceTree = "<group>"; };
		DD3918D327D18B7F008CD1D9 /* Base */ = {isa = PBXFileReference; lastKnownFileType = file.storyboard; name = Base; path = Base.lproj/Main.storyboard; sourceTree = "<group>"; };
		DD3918D627D18B7F008CD1D9 /* Team_India.xcdatamodel */ = {isa = PBXFileReference; lastKnownFileType = wrapper.xcdatamodel; path = Team_India.xcdatamodel; sourceTree = "<group>"; };
		DD3918D827D18B80008CD1D9 /* Assets.xcassets */ = {isa = PBXFileReference; lastKnownFileType = folder.assetcatalog; name = Assets.xcassets; path = Team_India/Assets.xcassets; sourceTree = SOURCE_ROOT; };
		DD3918DB27D18B80008CD1D9 /* Base */ = {isa = PBXFileReference; lastKnownFileType = file.storyboard; name = Base; path = Base.lproj/LaunchScreen.storyboard; sourceTree = "<group>"; };
		DD3918DD27D18B80008CD1D9 /* Info.plist */ = {isa = PBXFileReference; lastKnownFileType = text.plist.xml; path = Info.plist; sourceTree = "<group>"; };
		DD3918E327D24EF4008CD1D9 /* LoginViewController.swift */ = {isa = PBXFileReference; lastKnownFileType = sourcecode.swift; path = LoginViewController.swift; sourceTree = "<group>"; };
		DD3918E527D24F12008CD1D9 /* HomeViewController.swift */ = {isa = PBXFileReference; lastKnownFileType = sourcecode.swift; path = HomeViewController.swift; sourceTree = "<group>"; };
		DD3918E927D24F2D008CD1D9 /* DetailViewController.swift */ = {isa = PBXFileReference; lastKnownFileType = sourcecode.swift; path = DetailViewController.swift; sourceTree = "<group>"; };
		DD3918EB27D24F5C008CD1D9 /* RegistrationViewController.swift */ = {isa = PBXFileReference; lastKnownFileType = sourcecode.swift; path = RegistrationViewController.swift; sourceTree = "<group>"; };
		DD44745A27EE13AD0014F2EC /* PasswordTextField.swift */ = {isa = PBXFileReference; lastKnownFileType = sourcecode.swift; path = PasswordTextField.swift; sourceTree = "<group>"; };
/* End PBXFileReference section */

/* Begin PBXFrameworksBuildPhase section */
		DD3918C627D18B7F008CD1D9 /* Frameworks */ = {
			isa = PBXFrameworksBuildPhase;
			buildActionMask = 2147483647;
			files = (
				2EB6144B280E6D4F0033D858 /* Charts in Frameworks */,
				DD2DE12C27DAA1A500A22663 /* FirebaseDatabase in Frameworks */,
				DD2DE12F27DBAAEA00A22663 /* FirebaseFirestore in Frameworks */,
				DD2DE12827DAA1A500A22663 /* FirebaseAnalytics in Frameworks */,
				DD2DE12A27DAA1A500A22663 /* FirebaseAuth in Frameworks */,
			);
			runOnlyForDeploymentPostprocessing = 0;
		};
/* End PBXFrameworksBuildPhase section */

/* Begin PBXGroup section */
		DD0B64C227D791C400E0FE9D /* Class Files */ = {
			isa = PBXGroup;
			children = (
				DD0B64C327D791F100E0FE9D /* FormValidationUtil.swift */,
				DD44745A27EE13AD0014F2EC /* PasswordTextField.swift */,
				DD2B9692281038DE00158190 /* ChartMaker.swift */,
			);
			path = "Class Files";
			sourceTree = "<group>";
		};
		DD2DE12D27DBAAEA00A22663 /* Frameworks */ = {
			isa = PBXGroup;
			children = (
			);
			name = Frameworks;
			sourceTree = "<group>";
		};
		DD3918C027D18B7F008CD1D9 = {
			isa = PBXGroup;
			children = (
				DD3918CB27D18B7F008CD1D9 /* Team_India */,
				DD3918CA27D18B7F008CD1D9 /* Products */,
				DD2DE12D27DBAAEA00A22663 /* Frameworks */,
			);
			sourceTree = "<group>";
		};
		DD3918CA27D18B7F008CD1D9 /* Products */ = {
			isa = PBXGroup;
			children = (
				DD3918C927D18B7F008CD1D9 /* Team_India.app */,
			);
			name = Products;
			sourceTree = "<group>";
		};
		DD3918CB27D18B7F008CD1D9 /* Team_India */ = {
			isa = PBXGroup;
			children = (
				DD0B64C227D791C400E0FE9D /* Class Files */,
				DD3918CC27D18B7F008CD1D9 /* AppDelegate.swift */,
				DD3918CE27D18B7F008CD1D9 /* SceneDelegate.swift */,
				DD3918D227D18B7F008CD1D9 /* Main.storyboard */,
				DD3918E327D24EF4008CD1D9 /* LoginViewController.swift */,
				DD3918EB27D24F5C008CD1D9 /* RegistrationViewController.swift */,
				DD3918E527D24F12008CD1D9 /* HomeViewController.swift */,
				DD3918E927D24F2D008CD1D9 /* DetailViewController.swift */,
				C54006F2281371BB0010C739 /* References.pdf */,
				DD355D25281393B800515149 /* UserGuide.pdf */,
				DD3918D827D18B80008CD1D9 /* Assets.xcassets */,
				DD3918DA27D18B80008CD1D9 /* LaunchScreen.storyboard */,
				DD3918DD27D18B80008CD1D9 /* Info.plist */,
				DD2DE12427DA9EAB00A22663 /* GoogleService-Info.plist */,
				DD3918D527D18B7F008CD1D9 /* Team_India.xcdatamodeld */,
				2E0C3FC1280F25D700E42A62 /* BarGraphViewController.swift */,
				2E0C3FC3280F25F500E42A62 /* LineGraphViewController.swift */,
				2E0C3FC5280F260800E42A62 /* ThirdGraphViewController.swift */,
			);
			path = Team_India;
			sourceTree = "<group>";
		};
/* End PBXGroup section */

/* Begin PBXNativeTarget section */
		DD3918C827D18B7F008CD1D9 /* Team_India */ = {
			isa = PBXNativeTarget;
			buildConfigurationList = DD3918E027D18B80008CD1D9 /* Build configuration list for PBXNativeTarget "Team_India" */;
			buildPhases = (
				DD3918C527D18B7F008CD1D9 /* Sources */,
				DD3918C627D18B7F008CD1D9 /* Frameworks */,
				DD3918C727D18B7F008CD1D9 /* Resources */,
			);
			buildRules = (
			);
			dependencies = (
			);
			name = Team_India;
			packageProductDependencies = (
				DD2DE12727DAA1A500A22663 /* FirebaseAnalytics */,
				DD2DE12927DAA1A500A22663 /* FirebaseAuth */,
				DD2DE12B27DAA1A500A22663 /* FirebaseDatabase */,
				DD2DE12E27DBAAEA00A22663 /* FirebaseFirestore */,
				2EB6144A280E6D4F0033D858 /* Charts */,
			);
			productName = Team_India;
			productReference = DD3918C927D18B7F008CD1D9 /* Team_India.app */;
			productType = "com.apple.product-type.application";
		};
/* End PBXNativeTarget section */

/* Begin PBXProject section */
		DD3918C127D18B7F008CD1D9 /* Project object */ = {
			isa = PBXProject;
			attributes = {
				BuildIndependentTargetsInParallel = 1;
				LastSwiftUpdateCheck = 1320;
				LastUpgradeCheck = 1320;
				TargetAttributes = {
					DD3918C827D18B7F008CD1D9 = {
						CreatedOnToolsVersion = 13.2.1;
					};
				};
			};
			buildConfigurationList = DD3918C427D18B7F008CD1D9 /* Build configuration list for PBXProject "Team_India" */;
			compatibilityVersion = "Xcode 13.0";
			developmentRegion = en;
			hasScannedForEncodings = 0;
			knownRegions = (
				en,
				Base,
			);
			mainGroup = DD3918C027D18B7F008CD1D9;
			packageReferences = (
				DD2DE12627DAA1A500A22663 /* XCRemoteSwiftPackageReference "firebase-ios-sdk" */,
				2EB61449280E6D4F0033D858 /* XCRemoteSwiftPackageReference "Charts" */,
			);
			productRefGroup = DD3918CA27D18B7F008CD1D9 /* Products */;
			projectDirPath = "";
			projectRoot = "";
			targets = (
				DD3918C827D18B7F008CD1D9 /* Team_India */,
			);
		};
/* End PBXProject section */

/* Begin PBXResourcesBuildPhase section */
		DD3918C727D18B7F008CD1D9 /* Resources */ = {
			isa = PBXResourcesBuildPhase;
			buildActionMask = 2147483647;
			files = (
				DD3918DC27D18B80008CD1D9 /* LaunchScreen.storyboard in Resources */,
				DD2DE12527DA9EAB00A22663 /* GoogleService-Info.plist in Resources */,
				DD355D26281393B800515149 /* UserGuide.pdf in Resources */,
				DD3918D927D18B80008CD1D9 /* Assets.xcassets in Resources */,
				C54006F3281371BB0010C739 /* References.pdf in Resources */,
				DD3918D427D18B7F008CD1D9 /* Main.storyboard in Resources */,
			);
			runOnlyForDeploymentPostprocessing = 0;
		};
/* End PBXResourcesBuildPhase section */

/* Begin PBXSourcesBuildPhase section */
		DD3918C527D18B7F008CD1D9 /* Sources */ = {
			isa = PBXSourcesBuildPhase;
			buildActionMask = 2147483647;
			files = (
				DD44745B27EE13AD0014F2EC /* PasswordTextField.swift in Sources */,
				2E0C3FC6280F260800E42A62 /* ThirdGraphViewController.swift in Sources */,
				DD3918CD27D18B7F008CD1D9 /* AppDelegate.swift in Sources */,
				DD3918EC27D24F5C008CD1D9 /* RegistrationViewController.swift in Sources */,
				DD3918D727D18B7F008CD1D9 /* Team_India.xcdatamodeld in Sources */,
				DD3918E427D24EF4008CD1D9 /* LoginViewController.swift in Sources */,
				2E0C3FC4280F25F500E42A62 /* LineGraphViewController.swift in Sources */,
				DD0B64C427D791F100E0FE9D /* FormValidationUtil.swift in Sources */,
				DD3918CF27D18B7F008CD1D9 /* SceneDelegate.swift in Sources */,
				DD3918E627D24F12008CD1D9 /* HomeViewController.swift in Sources */,
				DD3918EA27D24F2D008CD1D9 /* DetailViewController.swift in Sources */,
				DD2B9693281038DE00158190 /* ChartMaker.swift in Sources */,
				2E0C3FC2280F25D700E42A62 /* BarGraphViewController.swift in Sources */,
			);
			runOnlyForDeploymentPostprocessing = 0;
		};
/* End PBXSourcesBuildPhase section */

/* Begin PBXVariantGroup section */
		DD3918D227D18B7F008CD1D9 /* Main.storyboard */ = {
			isa = PBXVariantGroup;
			children = (
				DD3918D327D18B7F008CD1D9 /* Base */,
			);
			name = Main.storyboard;
			sourceTree = "<group>";
		};
		DD3918DA27D18B80008CD1D9 /* LaunchScreen.storyboard */ = {
			isa = PBXVariantGroup;
			children = (
				DD3918DB27D18B80008CD1D9 /* Base */,
			);
			name = LaunchScreen.storyboard;
			sourceTree = "<group>";
		};
/* End PBXVariantGroup section */

/* Begin XCBuildConfiguration section */
		DD3918DE27D18B80008CD1D9 /* Debug */ = {
			isa = XCBuildConfiguration;
			buildSettings = {
				ALWAYS_SEARCH_USER_PATHS = NO;
				CLANG_ANALYZER_NONNULL = YES;
				CLANG_ANALYZER_NUMBER_OBJECT_CONVERSION = YES_AGGRESSIVE;
				CLANG_CXX_LANGUAGE_STANDARD = "gnu++17";
				CLANG_CXX_LIBRARY = "libc++";
				CLANG_ENABLE_MODULES = YES;
				CLANG_ENABLE_OBJC_ARC = YES;
				CLANG_ENABLE_OBJC_WEAK = YES;
				CLANG_WARN_BLOCK_CAPTURE_AUTORELEASING = YES;
				CLANG_WARN_BOOL_CONVERSION = YES;
				CLANG_WARN_COMMA = YES;
				CLANG_WARN_CONSTANT_CONVERSION = YES;
				CLANG_WARN_DEPRECATED_OBJC_IMPLEMENTATIONS = YES;
				CLANG_WARN_DIRECT_OBJC_ISA_USAGE = YES_ERROR;
				CLANG_WARN_DOCUMENTATION_COMMENTS = YES;
				CLANG_WARN_EMPTY_BODY = YES;
				CLANG_WARN_ENUM_CONVERSION = YES;
				CLANG_WARN_INFINITE_RECURSION = YES;
				CLANG_WARN_INT_CONVERSION = YES;
				CLANG_WARN_NON_LITERAL_NULL_CONVERSION = YES;
				CLANG_WARN_OBJC_IMPLICIT_RETAIN_SELF = YES;
				CLANG_WARN_OBJC_LITERAL_CONVERSION = YES;
				CLANG_WARN_OBJC_ROOT_CLASS = YES_ERROR;
				CLANG_WARN_QUOTED_INCLUDE_IN_FRAMEWORK_HEADER = YES;
				CLANG_WARN_RANGE_LOOP_ANALYSIS = YES;
				CLANG_WARN_STRICT_PROTOTYPES = YES;
				CLANG_WARN_SUSPICIOUS_MOVE = YES;
				CLANG_WARN_UNGUARDED_AVAILABILITY = YES_AGGRESSIVE;
				CLANG_WARN_UNREACHABLE_CODE = YES;
				CLANG_WARN__DUPLICATE_METHOD_MATCH = YES;
				CODE_SIGN_IDENTITY = "";
				COPY_PHASE_STRIP = NO;
				DEBUG_INFORMATION_FORMAT = dwarf;
				ENABLE_STRICT_OBJC_MSGSEND = YES;
				ENABLE_TESTABILITY = YES;
				GCC_C_LANGUAGE_STANDARD = gnu11;
				GCC_DYNAMIC_NO_PIC = NO;
				GCC_NO_COMMON_BLOCKS = YES;
				GCC_OPTIMIZATION_LEVEL = 0;
				GCC_PREPROCESSOR_DEFINITIONS = (
					"DEBUG=1",
					"$(inherited)",
				);
				GCC_WARN_64_TO_32_BIT_CONVERSION = YES;
				GCC_WARN_ABOUT_RETURN_TYPE = YES_ERROR;
				GCC_WARN_UNDECLARED_SELECTOR = YES;
				GCC_WARN_UNINITIALIZED_AUTOS = YES_AGGRESSIVE;
				GCC_WARN_UNUSED_FUNCTION = YES;
				GCC_WARN_UNUSED_VARIABLE = YES;
				IPHONEOS_DEPLOYMENT_TARGET = 15.2;
				MTL_ENABLE_DEBUG_INFO = INCLUDE_SOURCE;
				MTL_FAST_MATH = YES;
				ONLY_ACTIVE_ARCH = YES;
				SDKROOT = iphoneos;
				SWIFT_ACTIVE_COMPILATION_CONDITIONS = DEBUG;
				SWIFT_OPTIMIZATION_LEVEL = "-Onone";
			};
			name = Debug;
		};
		DD3918DF27D18B80008CD1D9 /* Release */ = {
			isa = XCBuildConfiguration;
			buildSettings = {
				ALWAYS_SEARCH_USER_PATHS = NO;
				CLANG_ANALYZER_NONNULL = YES;
				CLANG_ANALYZER_NUMBER_OBJECT_CONVERSION = YES_AGGRESSIVE;
				CLANG_CXX_LANGUAGE_STANDARD = "gnu++17";
				CLANG_CXX_LIBRARY = "libc++";
				CLANG_ENABLE_MODULES = YES;
				CLANG_ENABLE_OBJC_ARC = YES;
				CLANG_ENABLE_OBJC_WEAK = YES;
				CLANG_WARN_BLOCK_CAPTURE_AUTORELEASING = YES;
				CLANG_WARN_BOOL_CONVERSION = YES;
				CLANG_WARN_COMMA = YES;
				CLANG_WARN_CONSTANT_CONVERSION = YES;
				CLANG_WARN_DEPRECATED_OBJC_IMPLEMENTATIONS = YES;
				CLANG_WARN_DIRECT_OBJC_ISA_USAGE = YES_ERROR;
				CLANG_WARN_DOCUMENTATION_COMMENTS = YES;
				CLANG_WARN_EMPTY_BODY = YES;
				CLANG_WARN_ENUM_CONVERSION = YES;
				CLANG_WARN_INFINITE_RECURSION = YES;
				CLANG_WARN_INT_CONVERSION = YES;
				CLANG_WARN_NON_LITERAL_NULL_CONVERSION = YES;
				CLANG_WARN_OBJC_IMPLICIT_RETAIN_SELF = YES;
				CLANG_WARN_OBJC_LITERAL_CONVERSION = YES;
				CLANG_WARN_OBJC_ROOT_CLASS = YES_ERROR;
				CLANG_WARN_QUOTED_INCLUDE_IN_FRAMEWORK_HEADER = YES;
				CLANG_WARN_RANGE_LOOP_ANALYSIS = YES;
				CLANG_WARN_STRICT_PROTOTYPES = YES;
				CLANG_WARN_SUSPICIOUS_MOVE = YES;
				CLANG_WARN_UNGUARDED_AVAILABILITY = YES_AGGRESSIVE;
				CLANG_WARN_UNREACHABLE_CODE = YES;
				CLANG_WARN__DUPLICATE_METHOD_MATCH = YES;
				CODE_SIGN_IDENTITY = "";
				COPY_PHASE_STRIP = NO;
				DEBUG_INFORMATION_FORMAT = "dwarf-with-dsym";
				ENABLE_NS_ASSERTIONS = NO;
				ENABLE_STRICT_OBJC_MSGSEND = YES;
				GCC_C_LANGUAGE_STANDARD = gnu11;
				GCC_NO_COMMON_BLOCKS = YES;
				GCC_WARN_64_TO_32_BIT_CONVERSION = YES;
				GCC_WARN_ABOUT_RETURN_TYPE = YES_ERROR;
				GCC_WARN_UNDECLARED_SELECTOR = YES;
				GCC_WARN_UNINITIALIZED_AUTOS = YES_AGGRESSIVE;
				GCC_WARN_UNUSED_FUNCTION = YES;
				GCC_WARN_UNUSED_VARIABLE = YES;
				IPHONEOS_DEPLOYMENT_TARGET = 15.2;
				MTL_ENABLE_DEBUG_INFO = NO;
				MTL_FAST_MATH = YES;
				SDKROOT = iphoneos;
				SWIFT_COMPILATION_MODE = wholemodule;
				SWIFT_OPTIMIZATION_LEVEL = "-O";
				VALIDATE_PRODUCT = YES;
			};
			name = Release;
		};
		DD3918E127D18B80008CD1D9 /* Debug */ = {
			isa = XCBuildConfiguration;
			buildSettings = {
				ASSETCATALOG_COMPILER_APPICON_NAME = AppIcon;
				ASSETCATALOG_COMPILER_GLOBAL_ACCENT_COLOR_NAME = AccentColor;
				CODE_SIGN_ENTITLEMENTS = "";
				CODE_SIGN_STYLE = Automatic;
				CURRENT_PROJECT_VERSION = 1;
				GENERATE_INFOPLIST_FILE = YES;
				INFOPLIST_FILE = Team_India/Info.plist;
				INFOPLIST_KEY_UIApplicationSupportsIndirectInputEvents = YES;
				INFOPLIST_KEY_UILaunchStoryboardName = LaunchScreen;
				INFOPLIST_KEY_UIMainStoryboardFile = LaunchScreen;
				INFOPLIST_KEY_UISupportedInterfaceOrientations = UIInterfaceOrientationPortrait;
				INFOPLIST_KEY_UISupportedInterfaceOrientations_iPad = UIInterfaceOrientationPortrait;
				INFOPLIST_KEY_UISupportedInterfaceOrientations_iPhone = "UIInterfaceOrientationPortrait UIInterfaceOrientationLandscapeLeft UIInterfaceOrientationLandscapeRight";
				LD_RUNPATH_SEARCH_PATHS = (
					"$(inherited)",
					"@executable_path/Frameworks",
				);
				MARKETING_VERSION = 1.0;
				PRODUCT_BUNDLE_IDENTIFIER = "com.Team-India.project";
				PRODUCT_NAME = "$(TARGET_NAME)";
				SWIFT_EMIT_LOC_STRINGS = YES;
				SWIFT_VERSION = 5.0;
				TARGETED_DEVICE_FAMILY = 1;
			};
			name = Debug;
		};
		DD3918E227D18B80008CD1D9 /* Release */ = {
			isa = XCBuildConfiguration;
			buildSettings = {
				ASSETCATALOG_COMPILER_APPICON_NAME = AppIcon;
				ASSETCATALOG_COMPILER_GLOBAL_ACCENT_COLOR_NAME = AccentColor;
				CODE_SIGN_ENTITLEMENTS = "";
				CODE_SIGN_STYLE = Automatic;
				CURRENT_PROJECT_VERSION = 1;
				GENERATE_INFOPLIST_FILE = YES;
				INFOPLIST_FILE = Team_India/Info.plist;
				INFOPLIST_KEY_UIApplicationSupportsIndirectInputEvents = YES;
				INFOPLIST_KEY_UILaunchStoryboardName = LaunchScreen;
				INFOPLIST_KEY_UIMainStoryboardFile = LaunchScreen;
				INFOPLIST_KEY_UISupportedInterfaceOrientations = UIInterfaceOrientationPortrait;
				INFOPLIST_KEY_UISupportedInterfaceOrientations_iPad = UIInterfaceOrientationPortrait;
				INFOPLIST_KEY_UISupportedInterfaceOrientations_iPhone = "UIInterfaceOrientationPortrait UIInterfaceOrientationLandscapeLeft UIInterfaceOrientationLandscapeRight";
				LD_RUNPATH_SEARCH_PATHS = (
					"$(inherited)",
					"@executable_path/Frameworks",
				);
				MARKETING_VERSION = 1.0;
				PRODUCT_BUNDLE_IDENTIFIER = "com.Team-India.project";
				PRODUCT_NAME = "$(TARGET_NAME)";
				SWIFT_EMIT_LOC_STRINGS = YES;
				SWIFT_VERSION = 5.0;
				TARGETED_DEVICE_FAMILY = 1;
			};
			name = Release;
		};
/* End XCBuildConfiguration section */

/* Begin XCConfigurationList section */
		DD3918C427D18B7F008CD1D9 /* Build configuration list for PBXProject "Team_India" */ = {
			isa = XCConfigurationList;
			buildConfigurations = (
				DD3918DE27D18B80008CD1D9 /* Debug */,
				DD3918DF27D18B80008CD1D9 /* Release */,
			);
			defaultConfigurationIsVisible = 0;
			defaultConfigurationName = Release;
		};
		DD3918E027D18B80008CD1D9 /* Build configuration list for PBXNativeTarget "Team_India" */ = {
			isa = XCConfigurationList;
			buildConfigurations = (
				DD3918E127D18B80008CD1D9 /* Debug */,
				DD3918E227D18B80008CD1D9 /* Release */,
			);
			defaultConfigurationIsVisible = 0;
			defaultConfigurationName = Release;
		};
/* End XCConfigurationList section */

/* Begin XCRemoteSwiftPackageReference section */
		2EB61449280E6D4F0033D858 /* XCRemoteSwiftPackageReference "Charts" */ = {
			isa = XCRemoteSwiftPackageReference;
			repositoryURL = "https://github.com/danielgindi/Charts.git";
			requirement = {
				kind = upToNextMajorVersion;
				minimumVersion = 3.0.0;
			};
		};
		DD2DE12627DAA1A500A22663 /* XCRemoteSwiftPackageReference "firebase-ios-sdk" */ = {
			isa = XCRemoteSwiftPackageReference;
			repositoryURL = "https://github.com/firebase/firebase-ios-sdk";
			requirement = {
				kind = upToNextMajorVersion;
				minimumVersion = 8.0.0;
			};
		};
/* End XCRemoteSwiftPackageReference section */

/* Begin XCSwiftPackageProductDependency section */
		2EB6144A280E6D4F0033D858 /* Charts */ = {
			isa = XCSwiftPackageProductDependency;
			package = 2EB61449280E6D4F0033D858 /* XCRemoteSwiftPackageReference "Charts" */;
			productName = Charts;
		};
		DD2DE12727DAA1A500A22663 /* FirebaseAnalytics */ = {
			isa = XCSwiftPackageProductDependency;
			package = DD2DE12627DAA1A500A22663 /* XCRemoteSwiftPackageReference "firebase-ios-sdk" */;
			productName = FirebaseAnalytics;
		};
		DD2DE12927DAA1A500A22663 /* FirebaseAuth */ = {
			isa = XCSwiftPackageProductDependency;
			package = DD2DE12627DAA1A500A22663 /* XCRemoteSwiftPackageReference "firebase-ios-sdk" */;
			productName = FirebaseAuth;
		};
		DD2DE12B27DAA1A500A22663 /* FirebaseDatabase */ = {
			isa = XCSwiftPackageProductDependency;
			package = DD2DE12627DAA1A500A22663 /* XCRemoteSwiftPackageReference "firebase-ios-sdk" */;
			productName = FirebaseDatabase;
		};
		DD2DE12E27DBAAEA00A22663 /* FirebaseFirestore */ = {
			isa = XCSwiftPackageProductDependency;
			package = DD2DE12627DAA1A500A22663 /* XCRemoteSwiftPackageReference "firebase-ios-sdk" */;
			productName = FirebaseFirestore;
		};
/* End XCSwiftPackageProductDependency section */

/* Begin XCVersionGroup section */
		DD3918D527D18B7F008CD1D9 /* Team_India.xcdatamodeld */ = {
			isa = XCVersionGroup;
			children = (
				DD3918D627D18B7F008CD1D9 /* Team_India.xcdatamodel */,
			);
			currentVersion = DD3918D627D18B7F008CD1D9 /* Team_India.xcdatamodel */;
			path = Team_India.xcdatamodeld;
			sourceTree = "<group>";
			versionGroupType = wrapper.xcdatamodel;
		};
/* End XCVersionGroup section */
	};
	rootObject = DD3918C127D18B7F008CD1D9 /* Project object */;
}
