// !$*UTF8*$!
{
	archiveVersion = 1;
	classes = {
	};
	objectVersion = 55;
	objects = {

/* Begin PBXBuildFile section */
		DD3918CD27D18B7F008CD1D9 /* AppDelegate.swift in Sources */ = {isa = PBXBuildFile; fileRef = DD3918CC27D18B7F008CD1D9 /* AppDelegate.swift */; };
		DD3918CF27D18B7F008CD1D9 /* SceneDelegate.swift in Sources */ = {isa = PBXBuildFile; fileRef = DD3918CE27D18B7F008CD1D9 /* SceneDelegate.swift */; };
		DD3918D427D18B7F008CD1D9 /* Main.storyboard in Resources */ = {isa = PBXBuildFile; fileRef = DD3918D227D18B7F008CD1D9 /* Main.storyboard */; };
		DD3918D727D18B7F008CD1D9 /* Team_India.xcdatamodeld in Sources */ = {isa = PBXBuildFile; fileRef = DD3918D527D18B7F008CD1D9 /* Team_India.xcdatamodeld */; };
		DD3918D927D18B80008CD1D9 /* Assets.xcassets in Resources */ = {isa = PBXBuildFile; fileRef = DD3918D827D18B80008CD1D9 /* Assets.xcassets */; };
		DD3918DC27D18B80008CD1D9 /* LaunchScreen.storyboard in Resources */ = {isa = PBXBuildFile; fileRef = DD3918DA27D18B80008CD1D9 /* LaunchScreen.storyboard */; };
		DD3918E427D24EF4008CD1D9 /* LoginViewController.swift in Sources */ = {isa = PBXBuildFile; fileRef = DD3918E327D24EF4008CD1D9 /* LoginViewController.swift */; };
		DD3918E627D24F12008CD1D9 /* HomeViewController.swift in Sources */ = {isa = PBXBuildFile; fileRef = DD3918E527D24F12008CD1D9 /* HomeViewController.swift */; };
		DD3918E827D24F20008CD1D9 /* GraphViewController.swift in Sources */ = {isa = PBXBuildFile; fileRef = DD3918E727D24F20008CD1D9 /* GraphViewController.swift */; };
		DD3918EA27D24F2D008CD1D9 /* DetailViewController.swift in Sources */ = {isa = PBXBuildFile; fileRef = DD3918E927D24F2D008CD1D9 /* DetailViewController.swift */; };
		DD3918EC27D24F5C008CD1D9 /* RegistrationViewController.swift in Sources */ = {isa = PBXBuildFile; fileRef = DD3918EB27D24F5C008CD1D9 /* RegistrationViewController.swift */; };
/* End PBXBuildFile section */

/* Begin PBXFileReference section */
		DD3918C927D18B7F008CD1D9 /* Team_India.app */ = {isa = PBXFileReference; explicitFileType = wrapper.application; includeInIndex = 0; path = Team_India.app; sourceTree = BUILT_PRODUCTS_DIR; };
		DD3918CC27D18B7F008CD1D9 /* AppDelegate.swift */ = {isa = PBXFileReference; lastKnownFileType = sourcecode.swift; path = AppDelegate.swift; sourceTree = "<group>"; };
		DD3918CE27D18B7F008CD1D9 /* SceneDelegate.swift */ = {isa = PBXFileReference; lastKnownFileType = sourcecode.swift; path = SceneDelegate.swift; sourceTree = "<group>"; };
		DD3918D327D18B7F008CD1D9 /* Base */ = {isa = PBXFileReference; lastKnownFileType = file.storyboard; name = Base; path = Base.lproj/Main.storyboard; sourceTree = "<group>"; };
		DD3918D627D18B7F008CD1D9 /* Team_India.xcdatamodel */ = {isa = PBXFileReference; lastKnownFileType = wrapper.xcdatamodel; path = Team_India.xcdatamodel; sourceTree = "<group>"; };
		DD3918D827D18B80008CD1D9 /* Assets.xcassets */ = {isa = PBXFileReference; lastKnownFileType = folder.assetcatalog; path = Assets.xcassets; sourceTree = "<group>"; };
		DD3918DB27D18B80008CD1D9 /* Base */ = {isa = PBXFileReference; lastKnownFileType = file.storyboard; name = Base; path = Base.lproj/LaunchScreen.storyboard; sourceTree = "<group>"; };
		DD3918DD27D18B80008CD1D9 /* Info.plist */ = {isa = PBXFileReference; lastKnownFileType = text.plist.xml; path = Info.plist; sourceTree = "<group>"; };
		DD3918E327D24EF4008CD1D9 /* LoginViewController.swift */ = {isa = PBXFileReference; lastKnownFileType = sourcecode.swift; path = LoginViewController.swift; sourceTree = "<group>"; };
		DD3918E527D24F12008CD1D9 /* HomeViewController.swift */ = {isa = PBXFileReference; lastKnownFileType = sourcecode.swift; path = HomeViewController.swift; sourceTree = "<group>"; };
		DD3918E727D24F20008CD1D9 /* GraphViewController.swift */ = {isa = PBXFileReference; lastKnownFileType = sourcecode.swift; path = GraphViewController.swift; sourceTree = "<group>"; };
		DD3918E927D24F2D008CD1D9 /* DetailViewController.swift */ = {isa = PBXFileReference; lastKnownFileType = sourcecode.swift; path = DetailViewController.swift; sourceTree = "<group>"; };
		DD3918EB27D24F5C008CD1D9 /* RegistrationViewController.swift */ = {isa = PBXFileReference; lastKnownFileType = sourcecode.swift; path = RegistrationViewController.swift; sourceTree = "<group>"; };
/* End PBXFileReference section */

/* Begin PBXFrameworksBuildPhase section */
		DD3918C627D18B7F008CD1D9 /* Frameworks */ = {
			isa = PBXFrameworksBuildPhase;
			buildActionMask = 2147483647;
			files = (
			);
			runOnlyForDeploymentPostprocessing = 0;
		};
/* End PBXFrameworksBuildPhase section */

/* Begin PBXGroup section */
		DD3918C027D18B7F008CD1D9 = {
			isa = PBXGroup;
			children = (
				DD3918CB27D18B7F008CD1D9 /* Team_India */,
				DD3918CA27D18B7F008CD1D9 /* Products */,
			);
			sourceTree = "<group>";
		};
		DD3918CA27D18B7F008CD1D9 /* Products */ = {
			isa = PBXGroup;
			children = (
				DD3918C927D18B7F008CD1D9 /* Team_India.app */,
			);
			name = Products;
			sourceTree = "<group>";
		};
		DD3918CB27D18B7F008CD1D9 /* Team_India */ = {
			isa = PBXGroup;
			children = (
				DD3918CC27D18B7F008CD1D9 /* AppDelegate.swift */,
				DD3918CE27D18B7F008CD1D9 /* SceneDelegate.swift */,
				DD3918D227D18B7F008CD1D9 /* Main.storyboard */,
				DD3918E327D24EF4008CD1D9 /* LoginViewController.swift */,
				DD3918EB27D24F5C008CD1D9 /* RegistrationViewController.swift */,
				DD3918E527D24F12008CD1D9 /* HomeViewController.swift */,
				DD3918E727D24F20008CD1D9 /* GraphViewController.swift */,
				DD3918E927D24F2D008CD1D9 /* DetailViewController.swift */,
				DD3918D827D18B80008CD1D9 /* Assets.xcassets */,
				DD3918DA27D18B80008CD1D9 /* LaunchScreen.storyboard */,
				DD3918DD27D18B80008CD1D9 /* Info.plist */,
				DD3918D527D18B7F008CD1D9 /* Team_India.xcdatamodeld */,
			);
			path = Team_India;
			sourceTree = "<group>";
		};
/* End PBXGroup section */

/* Begin PBXNativeTarget section */
		DD3918C827D18B7F008CD1D9 /* Team_India */ = {
			isa = PBXNativeTarget;
			buildConfigurationList = DD3918E027D18B80008CD1D9 /* Build configuration list for PBXNativeTarget "Team_India" */;
			buildPhases = (
				DD3918C527D18B7F008CD1D9 /* Sources */,
				DD3918C627D18B7F008CD1D9 /* Frameworks */,
				DD3918C727D18B7F008CD1D9 /* Resources */,
			);
			buildRules = (
			);
			dependencies = (
			);
			name = Team_India;
			productName = Team_India;
			productReference = DD3918C927D18B7F008CD1D9 /* Team_India.app */;
			productType = "com.apple.product-type.application";
		};
/* End PBXNativeTarget section */

/* Begin PBXProject section */
		DD3918C127D18B7F008CD1D9 /* Project object */ = {
			isa = PBXProject;
			attributes = {
				BuildIndependentTargetsInParallel = 1;
				LastSwiftUpdateCheck = 1320;
				LastUpgradeCheck = 1320;
				TargetAttributes = {
					DD3918C827D18B7F008CD1D9 = {
						CreatedOnToolsVersion = 13.2.1;
					};
				};
			};
			buildConfigurationList = DD3918C427D18B7F008CD1D9 /* Build configuration list for PBXProject "Team_India" */;
			compatibilityVersion = "Xcode 13.0";
			developmentRegion = en;
			hasScannedForEncodings = 0;
			knownRegions = (
				en,
				Base,
			);
			mainGroup = DD3918C027D18B7F008CD1D9;
			productRefGroup = DD3918CA27D18B7F008CD1D9 /* Products */;
			projectDirPath = "";
			projectRoot = "";
			targets = (
				DD3918C827D18B7F008CD1D9 /* Team_India */,
			);
		};
/* End PBXProject section */

/* Begin PBXResourcesBuildPhase section */
		DD3918C727D18B7F008CD1D9 /* Resources */ = {
			isa = PBXResourcesBuildPhase;
			buildActionMask = 2147483647;
			files = (
				DD3918DC27D18B80008CD1D9 /* LaunchScreen.storyboard in Resources */,
				DD3918D927D18B80008CD1D9 /* Assets.xcassets in Resources */,
				DD3918D427D18B7F008CD1D9 /* Main.storyboard in Resources */,
			);
			runOnlyForDeploymentPostprocessing = 0;
		};
/* End PBXResourcesBuildPhase section */

/* Begin PBXSourcesBuildPhase section */
		DD3918C527D18B7F008CD1D9 /* Sources */ = {
			isa = PBXSourcesBuildPhase;
			buildActionMask = 2147483647;
			files = (
				DD3918CD27D18B7F008CD1D9 /* AppDelegate.swift in Sources */,
				DD3918E827D24F20008CD1D9 /* GraphViewController.swift in Sources */,
				DD3918EC27D24F5C008CD1D9 /* RegistrationViewController.swift in Sources */,
				DD3918D727D18B7F008CD1D9 /* Team_India.xcdatamodeld in Sources */,
				DD3918E427D24EF4008CD1D9 /* LoginViewController.swift in Sources */,
				DD3918CF27D18B7F008CD1D9 /* SceneDelegate.swift in Sources */,
				DD3918E627D24F12008CD1D9 /* HomeViewController.swift in Sources */,
				DD3918EA27D24F2D008CD1D9 /* DetailViewController.swift in Sources */,
			);
			runOnlyForDeploymentPostprocessing = 0;
		};
/* End PBXSourcesBuildPhase section */

/* Begin PBXVariantGroup section */
		DD3918D227D18B7F008CD1D9 /* Main.storyboard */ = {
			isa = PBXVariantGroup;
			children = (
				DD3918D327D18B7F008CD1D9 /* Base */,
			);
			name = Main.storyboard;
			sourceTree = "<group>";
		};
		DD3918DA27D18B80008CD1D9 /* LaunchScreen.storyboard */ = {
			isa = PBXVariantGroup;
			children = (
				DD3918DB27D18B80008CD1D9 /* Base */,
			);
			name = LaunchScreen.storyboard;
			sourceTree = "<group>";
		};
/* End PBXVariantGroup section */

/* Begin XCBuildConfiguration section */
		DD3918DE27D18B80008CD1D9 /* Debug */ = {
			isa = XCBuildConfiguration;
			buildSettings = {
				ALWAYS_SEARCH_USER_PATHS = NO;
				CLANG_ANALYZER_NONNULL = YES;
				CLANG_ANALYZER_NUMBER_OBJECT_CONVERSION = YES_AGGRESSIVE;
				CLANG_CXX_LANGUAGE_STANDARD = "gnu++17";
				CLANG_CXX_LIBRARY = "libc++";
				CLANG_ENABLE_MODULES = YES;
				CLANG_ENABLE_OBJC_ARC = YES;
				CLANG_ENABLE_OBJC_WEAK = YES;
				CLANG_WARN_BLOCK_CAPTURE_AUTORELEASING = YES;
				CLANG_WARN_BOOL_CONVERSION = YES;
				CLANG_WARN_COMMA = YES;
				CLANG_WARN_CONSTANT_CONVERSION = YES;
				CLANG_WARN_DEPRECATED_OBJC_IMPLEMENTATIONS = YES;
				CLANG_WARN_DIRECT_OBJC_ISA_USAGE = YES_ERROR;
				CLANG_WARN_DOCUMENTATION_COMMENTS = YES;
				CLANG_WARN_EMPTY_BODY = YES;
				CLANG_WARN_ENUM_CONVERSION = YES;
				CLANG_WARN_INFINITE_RECURSION = YES;
				CLANG_WARN_INT_CONVERSION = YES;
				CLANG_WARN_NON_LITERAL_NULL_CONVERSION = YES;
				CLANG_WARN_OBJC_IMPLICIT_RETAIN_SELF = YES;
				CLANG_WARN_OBJC_LITERAL_CONVERSION = YES;
				CLANG_WARN_OBJC_ROOT_CLASS = YES_ERROR;
				CLANG_WARN_QUOTED_INCLUDE_IN_FRAMEWORK_HEADER = YES;
				CLANG_WARN_RANGE_LOOP_ANALYSIS = YES;
				CLANG_WARN_STRICT_PROTOTYPES = YES;
				CLANG_WARN_SUSPICIOUS_MOVE = YES;
				CLANG_WARN_UNGUARDED_AVAILABILITY = YES_AGGRESSIVE;
				CLANG_WARN_UNREACHABLE_CODE = YES;
				CLANG_WARN__DUPLICATE_METHOD_MATCH = YES;
				COPY_PHASE_STRIP = NO;
				DEBUG_INFORMATION_FORMAT = dwarf;
				ENABLE_STRICT_OBJC_MSGSEND = YES;
				ENABLE_TESTABILITY = YES;
				GCC_C_LANGUAGE_STANDARD = gnu11;
				GCC_DYNAMIC_NO_PIC = NO;
				GCC_NO_COMMON_BLOCKS = YES;
				GCC_OPTIMIZATION_LEVEL = 0;
				GCC_PREPROCESSOR_DEFINITIONS = (
					"DEBUG=1",
					"$(inherited)",
				);
				GCC_WARN_64_TO_32_BIT_CONVERSION = YES;
				GCC_WARN_ABOUT_RETURN_TYPE = YES_ERROR;
				GCC_WARN_UNDECLARED_SELECTOR = YES;
				GCC_WARN_UNINITIALIZED_AUTOS = YES_AGGRESSIVE;
				GCC_WARN_UNUSED_FUNCTION = YES;
				GCC_WARN_UNUSED_VARIABLE = YES;
				IPHONEOS_DEPLOYMENT_TARGET = 15.2;
				MTL_ENABLE_DEBUG_INFO = INCLUDE_SOURCE;
				MTL_FAST_MATH = YES;
				ONLY_ACTIVE_ARCH = YES;
				SDKROOT = iphoneos;
				SWIFT_ACTIVE_COMPILATION_CONDITIONS = DEBUG;
				SWIFT_OPTIMIZATION_LEVEL = "-Onone";
			};
			name = Debug;
		};
		DD3918DF27D18B80008CD1D9 /* Release */ = {
			isa = XCBuildConfiguration;
			buildSettings = {
				ALWAYS_SEARCH_USER_PATHS = NO;
				CLANG_ANALYZER_NONNULL = YES;
				CLANG_ANALYZER_NUMBER_OBJECT_CONVERSION = YES_AGGRESSIVE;
				CLANG_CXX_LANGUAGE_STANDARD = "gnu++17";
				CLANG_CXX_LIBRARY = "libc++";
				CLANG_ENABLE_MODULES = YES;
				CLANG_ENABLE_OBJC_ARC = YES;
				CLANG_ENABLE_OBJC_WEAK = YES;
				CLANG_WARN_BLOCK_CAPTURE_AUTORELEASING = YES;
				CLANG_WARN_BOOL_CONVERSION = YES;
				CLANG_WARN_COMMA = YES;
				CLANG_WARN_CONSTANT_CONVERSION = YES;
				CLANG_WARN_DEPRECATED_OBJC_IMPLEMENTATIONS = YES;
				CLANG_WARN_DIRECT_OBJC_ISA_USAGE = YES_ERROR;
				CLANG_WARN_DOCUMENTATION_COMMENTS = YES;
				CLANG_WARN_EMPTY_BODY = YES;
				CLANG_WARN_ENUM_CONVERSION = YES;
				CLANG_WARN_INFINITE_RECURSION = YES;
				CLANG_WARN_INT_CONVERSION = YES;
				CLANG_WARN_NON_LITERAL_NULL_CONVERSION = YES;
				CLANG_WARN_OBJC_IMPLICIT_RETAIN_SELF = YES;
				CLANG_WARN_OBJC_LITERAL_CONVERSION = YES;
				CLANG_WARN_OBJC_ROOT_CLASS = YES_ERROR;
				CLANG_WARN_QUOTED_INCLUDE_IN_FRAMEWORK_HEADER = YES;
				CLANG_WARN_RANGE_LOOP_ANALYSIS = YES;
				CLANG_WARN_STRICT_PROTOTYPES = YES;
				CLANG_WARN_SUSPICIOUS_MOVE = YES;
				CLANG_WARN_UNGUARDED_AVAILABILITY = YES_AGGRESSIVE;
				CLANG_WARN_UNREACHABLE_CODE = YES;
				CLANG_WARN__DUPLICATE_METHOD_MATCH = YES;
				COPY_PHASE_STRIP = NO;
				DEBUG_INFORMATION_FORMAT = "dwarf-with-dsym";
				ENABLE_NS_ASSERTIONS = NO;
				ENABLE_STRICT_OBJC_MSGSEND = YES;
				GCC_C_LANGUAGE_STANDARD = gnu11;
				GCC_NO_COMMON_BLOCKS = YES;
				GCC_WARN_64_TO_32_BIT_CONVERSION = YES;
				GCC_WARN_ABOUT_RETURN_TYPE = YES_ERROR;
				GCC_WARN_UNDECLARED_SELECTOR = YES;
				GCC_WARN_UNINITIALIZED_AUTOS = YES_AGGRESSIVE;
				GCC_WARN_UNUSED_FUNCTION = YES;
				GCC_WARN_UNUSED_VARIABLE = YES;
				IPHONEOS_DEPLOYMENT_TARGET = 15.2;
				MTL_ENABLE_DEBUG_INFO = NO;
				MTL_FAST_MATH = YES;
				SDKROOT = iphoneos;
				SWIFT_COMPILATION_MODE = wholemodule;
				SWIFT_OPTIMIZATION_LEVEL = "-O";
				VALIDATE_PRODUCT = YES;
			};
			name = Release;
		};
		DD3918E127D18B80008CD1D9 /* Debug */ = {
			isa = XCBuildConfiguration;
			buildSettings = {
				ASSETCATALOG_COMPILER_APPICON_NAME = AppIcon;
				ASSETCATALOG_COMPILER_GLOBAL_ACCENT_COLOR_NAME = AccentColor;
				CODE_SIGN_STYLE = Automatic;
				CURRENT_PROJECT_VERSION = 1;
				GENERATE_INFOPLIST_FILE = YES;
				INFOPLIST_FILE = Team_India/Info.plist;
				INFOPLIST_KEY_UIApplicationSupportsIndirectInputEvents = YES;
				INFOPLIST_KEY_UILaunchStoryboardName = LaunchScreen;
				INFOPLIST_KEY_UIMainStoryboardFile = Main;
				INFOPLIST_KEY_UISupportedInterfaceOrientations_iPad = "UIInterfaceOrientationPortrait UIInterfaceOrientationPortraitUpsideDown UIInterfaceOrientationLandscapeLeft UIInterfaceOrientationLandscapeRight";
				INFOPLIST_KEY_UISupportedInterfaceOrientations_iPhone = "UIInterfaceOrientationPortrait UIInterfaceOrientationLandscapeLeft UIInterfaceOrientationLandscapeRight";
				LD_RUNPATH_SEARCH_PATHS = (
					"$(inherited)",
					"@executable_path/Frameworks",
				);
				MARKETING_VERSION = 1.0;
				PRODUCT_BUNDLE_IDENTIFIER = "com.Team-India.project";
				PRODUCT_NAME = "$(TARGET_NAME)";
				SWIFT_EMIT_LOC_STRINGS = YES;
				SWIFT_VERSION = 5.0;
				TARGETED_DEVICE_FAMILY = "1,2";
			};
			name = Debug;
		};
		DD3918E227D18B80008CD1D9 /* Release */ = {
			isa = XCBuildConfiguration;
			buildSettings = {
				ASSETCATALOG_COMPILER_APPICON_NAME = AppIcon;
				ASSETCATALOG_COMPILER_GLOBAL_ACCENT_COLOR_NAME = AccentColor;
				CODE_SIGN_STYLE = Automatic;
				CURRENT_PROJECT_VERSION = 1;
				GENERATE_INFOPLIST_FILE = YES;
				INFOPLIST_FILE = Team_India/Info.plist;
				INFOPLIST_KEY_UIApplicationSupportsIndirectInputEvents = YES;
				INFOPLIST_KEY_UILaunchStoryboardName = LaunchScreen;
				INFOPLIST_KEY_UIMainStoryboardFile = Main;
				INFOPLIST_KEY_UISupportedInterfaceOrientations_iPad = "UIInterfaceOrientationPortrait UIInterfaceOrientationPortraitUpsideDown UIInterfaceOrientationLandscapeLeft UIInterfaceOrientationLandscapeRight";
				INFOPLIST_KEY_UISupportedInterfaceOrientations_iPhone = "UIInterfaceOrientationPortrait UIInterfaceOrientationLandscapeLeft UIInterfaceOrientationLandscapeRight";
				LD_RUNPATH_SEARCH_PATHS = (
					"$(inherited)",
					"@executable_path/Frameworks",
				);
				MARKETING_VERSION = 1.0;
				PRODUCT_BUNDLE_IDENTIFIER = "com.Team-India.project";
				PRODUCT_NAME = "$(TARGET_NAME)";
				SWIFT_EMIT_LOC_STRINGS = YES;
				SWIFT_VERSION = 5.0;
				TARGETED_DEVICE_FAMILY = "1,2";
			};
			name = Release;
		};
/* End XCBuildConfiguration section */

/* Begin XCConfigurationList section */
		DD3918C427D18B7F008CD1D9 /* Build configuration list for PBXProject "Team_India" */ = {
			isa = XCConfigurationList;
			buildConfigurations = (
				DD3918DE27D18B80008CD1D9 /* Debug */,
				DD3918DF27D18B80008CD1D9 /* Release */,
			);
			defaultConfigurationIsVisible = 0;
			defaultConfigurationName = Release;
		};
		DD3918E027D18B80008CD1D9 /* Build configuration list for PBXNativeTarget "Team_India" */ = {
			isa = XCConfigurationList;
			buildConfigurations = (
				DD3918E127D18B80008CD1D9 /* Debug */,
				DD3918E227D18B80008CD1D9 /* Release */,
			);
			defaultConfigurationIsVisible = 0;
			defaultConfigurationName = Release;
		};
/* End XCConfigurationList section */

/* Begin XCVersionGroup section */
		DD3918D527D18B7F008CD1D9 /* Team_India.xcdatamodeld */ = {
			isa = XCVersionGroup;
			children = (
				DD3918D627D18B7F008CD1D9 /* Team_India.xcdatamodel */,
			);
			currentVersion = DD3918D627D18B7F008CD1D9 /* Team_India.xcdatamodel */;
			path = Team_India.xcdatamodeld;
			sourceTree = "<group>";
			versionGroupType = wrapper.xcdatamodel;
		};
/* End XCVersionGroup section */
	};
	rootObject = DD3918C127D18B7F008CD1D9 /* Project object */;
}
